
Microsoft Visual Studio Solution File, Format Version 12.00
# Visual Studio 14
VisualStudioVersion = 14.0.25123.0
MinimumVisualStudioVersion = 10.0.40219.1
Project("{FAE04EC0-301F-11D3-BF4B-00C04F79EFBC}") = "Package_Wpf", "Package_Wpf\Package_Wpf.csproj", "{B5ABA1D7-64E9-4B97-9417-5142A5B8C532}"
EndProject
Global
	GlobalSection(SolutionConfigurationPlatforms) = preSolution
		Debug|Any CPU = Debug|Any CPU
		Release|Any CPU = Release|Any CPU
	EndGlobalSection
	GlobalSection(ProjectConfigurationPlatforms) = postSolution
		{B5ABA1D7-64E9-4B97-9417-5142A5B8C532}.Debug|Any CPU.ActiveCfg = Debug|Any CPU
		{B5ABA1D7-64E9-4B97-9417-5142A5B8C532}.Debug|Any CPU.Build.0 = Debug|Any CPU
		{B5ABA1D7-64E9-4B97-9417-5142A5B8C532}.Release|Any CPU.ActiveCfg = Release|Any CPU
		{B5ABA1D7-64E9-4B97-9417-5142A5B8C532}.Release|Any CPU.Build.0 = Release|Any CPU
	EndGlobalSection
	GlobalSection(SolutionProperties) = preSolution
		HideSolutionNode = FALSE
	EndGlobalSection
EndGlobal
